
Microsoft Visual Studio Solution File, Format Version 12.00
# Visual Studio Version 16
VisualStudioVersion = 16.0.30413.136
MinimumVisualStudioVersion = 10.0.40219.1
Project("{FAE04EC0-301F-11D3-BF4B-00C04F79EFBC}") = "Calculator", "Calculator\Calculator.csproj", "{12958987-234E-492E-9987-418001845845}"
EndProject
Global
	GlobalSection(SolutionConfigurationPlatforms) = preSolution
		Debug|Any CPU = Debug|Any CPU
		Release|Any CPU = Release|Any CPU
	EndGlobalSection
	GlobalSection(ProjectConfigurationPlatforms) = postSolution
		{12958987-234E-492E-9987-418001845845}.Debug|Any CPU.ActiveCfg = Debug|Any CPU
		{12958987-234E-492E-9987-418001845845}.Debug|Any CPU.Build.0 = Debug|Any CPU
		{12958987-234E-492E-9987-418001845845}.Release|Any CPU.ActiveCfg = Release|Any CPU
		{12958987-234E-492E-9987-418001845845}.Release|Any CPU.Build.0 = Release|Any CPU
	EndGlobalSection
	GlobalSection(SolutionProperties) = preSolution
		HideSolutionNode = FALSE
	EndGlobalSection
	GlobalSection(ExtensibilityGlobals) = postSolution
		SolutionGuid = {21CE66FA-D073-41C3-8F1D-F3989442D605}
	EndGlobalSection
EndGlobal
